// !$*UTF8*$!
{
	archiveVersion = 1;
	classes = {
	};
	objectVersion = 55;
	objects = {

/* Begin PBXBuildFile section */
		118A18CD288DEF1200D69164 /* AppDelegate.swift in Sources */ = {isa = PBXBuildFile; fileRef = 118A18CC288DEF1200D69164 /* AppDelegate.swift */; };
		118A18CF288DEF1200D69164 /* SceneDelegate.swift in Sources */ = {isa = PBXBuildFile; fileRef = 118A18CE288DEF1200D69164 /* SceneDelegate.swift */; };
		118A18D1288DEF1200D69164 /* InboxVC.swift in Sources */ = {isa = PBXBuildFile; fileRef = 118A18D0288DEF1200D69164 /* InboxVC.swift */; };
		118A18D4288DEF1200D69164 /* Inbox.storyboard in Resources */ = {isa = PBXBuildFile; fileRef = 118A18D2288DEF1200D69164 /* Inbox.storyboard */; };
		118A18D6288DEF1600D69164 /* Assets.xcassets in Resources */ = {isa = PBXBuildFile; fileRef = 118A18D5288DEF1600D69164 /* Assets.xcassets */; };
		118A18D9288DEF1600D69164 /* LaunchScreen.storyboard in Resources */ = {isa = PBXBuildFile; fileRef = 118A18D7288DEF1600D69164 /* LaunchScreen.storyboard */; };
		118A18E4288DF7B200D69164 /* InboxVM.swift in Sources */ = {isa = PBXBuildFile; fileRef = 118A18E3288DF7B200D69164 /* InboxVM.swift */; };
		118A18EC288DFB5500D69164 /* PagesController.swift in Sources */ = {isa = PBXBuildFile; fileRef = 118A18EB288DFB5500D69164 /* PagesController.swift */; };
		118A18F0288DFC3F00D69164 /* PublicMessagesVC.swift in Sources */ = {isa = PBXBuildFile; fileRef = 118A18EF288DFC3F00D69164 /* PublicMessagesVC.swift */; };
		118A18F2288DFC5200D69164 /* SavedMessagesVC.swift in Sources */ = {isa = PBXBuildFile; fileRef = 118A18F1288DFC5200D69164 /* SavedMessagesVC.swift */; };
		118A18F6288E001100D69164 /* yekanbakh.ttf in Resources */ = {isa = PBXBuildFile; fileRef = 118A18F5288E001100D69164 /* yekanbakh.ttf */; };
		118A18F8288E039000D69164 /* yekanbakhb.ttf in Resources */ = {isa = PBXBuildFile; fileRef = 118A18F7288E039000D69164 /* yekanbakhb.ttf */; };
		118A18FB288E156A00D69164 /* StatefulButton.swift in Sources */ = {isa = PBXBuildFile; fileRef = 118A18FA288E156A00D69164 /* StatefulButton.swift */; };
		118A18FE288E15D900D69164 /* AppTheme.swift in Sources */ = {isa = PBXBuildFile; fileRef = 118A18FD288E15D900D69164 /* AppTheme.swift */; };
		118A1900288E160700D69164 /* Strings.swift in Sources */ = {isa = PBXBuildFile; fileRef = 118A18FF288E160700D69164 /* Strings.swift */; };
		118A1902288E164800D69164 /* UIFont+Extensions.swift in Sources */ = {isa = PBXBuildFile; fileRef = 118A1901288E164800D69164 /* UIFont+Extensions.swift */; };
		118A1904288E167800D69164 /* UIColor+Extensions.swift in Sources */ = {isa = PBXBuildFile; fileRef = 118A1903288E167800D69164 /* UIColor+Extensions.swift */; };
		118A1907288E2E2100D69164 /* Message.swift in Sources */ = {isa = PBXBuildFile; fileRef = 118A1906288E2E2000D69164 /* Message.swift */; };
		118A1909288E2F1E00D69164 /* PublicMessageCell.swift in Sources */ = {isa = PBXBuildFile; fileRef = 118A1908288E2F1E00D69164 /* PublicMessageCell.swift */; };
		118A190B288E581D00D69164 /* ApiProvider.swift in Sources */ = {isa = PBXBuildFile; fileRef = 118A190A288E581B00D69164 /* ApiProvider.swift */; };
		118A190D288E597B00D69164 /* MessagesRes.swift in Sources */ = {isa = PBXBuildFile; fileRef = 118A190C288E597B00D69164 /* MessagesRes.swift */; };
		118A190F288F5BA200D69164 /* RealmDB.swift in Sources */ = {isa = PBXBuildFile; fileRef = 118A190E288F5BA200D69164 /* RealmDB.swift */; };
		D157E6092381D99127E772CA /* Pods_Inbox.framework in Frameworks */ = {isa = PBXBuildFile; fileRef = 69F1235AB82F503161B1F1F1 /* Pods_Inbox.framework */; };
/* End PBXBuildFile section */

/* Begin PBXFileReference section */
		118A18C9288DEF1200D69164 /* Inbox.app */ = {isa = PBXFileReference; explicitFileType = wrapper.application; includeInIndex = 0; path = Inbox.app; sourceTree = BUILT_PRODUCTS_DIR; };
		118A18CC288DEF1200D69164 /* AppDelegate.swift */ = {isa = PBXFileReference; lastKnownFileType = sourcecode.swift; path = AppDelegate.swift; sourceTree = "<group>"; };
		118A18CE288DEF1200D69164 /* SceneDelegate.swift */ = {isa = PBXFileReference; lastKnownFileType = sourcecode.swift; path = SceneDelegate.swift; sourceTree = "<group>"; };
		118A18D0288DEF1200D69164 /* InboxVC.swift */ = {isa = PBXFileReference; lastKnownFileType = sourcecode.swift; path = InboxVC.swift; sourceTree = "<group>"; };
		118A18D3288DEF1200D69164 /* Base */ = {isa = PBXFileReference; lastKnownFileType = file.storyboard; name = Base; path = Base.lproj/Inbox.storyboard; sourceTree = "<group>"; };
		118A18D5288DEF1600D69164 /* Assets.xcassets */ = {isa = PBXFileReference; lastKnownFileType = folder.assetcatalog; path = Assets.xcassets; sourceTree = "<group>"; };
		118A18D8288DEF1600D69164 /* Base */ = {isa = PBXFileReference; lastKnownFileType = file.storyboard; name = Base; path = Base.lproj/LaunchScreen.storyboard; sourceTree = "<group>"; };
		118A18DA288DEF1600D69164 /* Info.plist */ = {isa = PBXFileReference; lastKnownFileType = text.plist.xml; path = Info.plist; sourceTree = "<group>"; };
		118A18E3288DF7B200D69164 /* InboxVM.swift */ = {isa = PBXFileReference; lastKnownFileType = sourcecode.swift; path = InboxVM.swift; sourceTree = "<group>"; };
		118A18EB288DFB5500D69164 /* PagesController.swift */ = {isa = PBXFileReference; lastKnownFileType = sourcecode.swift; path = PagesController.swift; sourceTree = "<group>"; };
		118A18EF288DFC3F00D69164 /* PublicMessagesVC.swift */ = {isa = PBXFileReference; lastKnownFileType = sourcecode.swift; path = PublicMessagesVC.swift; sourceTree = "<group>"; };
		118A18F1288DFC5200D69164 /* SavedMessagesVC.swift */ = {isa = PBXFileReference; lastKnownFileType = sourcecode.swift; path = SavedMessagesVC.swift; sourceTree = "<group>"; };
		118A18F5288E001100D69164 /* yekanbakh.ttf */ = {isa = PBXFileReference; lastKnownFileType = file; path = yekanbakh.ttf; sourceTree = "<group>"; };
		118A18F7288E039000D69164 /* yekanbakhb.ttf */ = {isa = PBXFileReference; lastKnownFileType = file; path = yekanbakhb.ttf; sourceTree = "<group>"; };
		118A18FA288E156A00D69164 /* StatefulButton.swift */ = {isa = PBXFileReference; lastKnownFileType = sourcecode.swift; path = StatefulButton.swift; sourceTree = "<group>"; };
		118A18FD288E15D900D69164 /* AppTheme.swift */ = {isa = PBXFileReference; lastKnownFileType = sourcecode.swift; path = AppTheme.swift; sourceTree = "<group>"; };
		118A18FF288E160700D69164 /* Strings.swift */ = {isa = PBXFileReference; lastKnownFileType = sourcecode.swift; path = Strings.swift; sourceTree = "<group>"; };
		118A1901288E164800D69164 /* UIFont+Extensions.swift */ = {isa = PBXFileReference; lastKnownFileType = sourcecode.swift; path = "UIFont+Extensions.swift"; sourceTree = "<group>"; };
		118A1903288E167800D69164 /* UIColor+Extensions.swift */ = {isa = PBXFileReference; lastKnownFileType = sourcecode.swift; path = "UIColor+Extensions.swift"; sourceTree = "<group>"; };
		118A1906288E2E2000D69164 /* Message.swift */ = {isa = PBXFileReference; lastKnownFileType = sourcecode.swift; path = Message.swift; sourceTree = "<group>"; };
		118A1908288E2F1E00D69164 /* PublicMessageCell.swift */ = {isa = PBXFileReference; lastKnownFileType = sourcecode.swift; path = PublicMessageCell.swift; sourceTree = "<group>"; };
		118A190A288E581B00D69164 /* ApiProvider.swift */ = {isa = PBXFileReference; lastKnownFileType = sourcecode.swift; path = ApiProvider.swift; sourceTree = "<group>"; };
		118A190C288E597B00D69164 /* MessagesRes.swift */ = {isa = PBXFileReference; lastKnownFileType = sourcecode.swift; path = MessagesRes.swift; sourceTree = "<group>"; };
		118A190E288F5BA200D69164 /* RealmDB.swift */ = {isa = PBXFileReference; lastKnownFileType = sourcecode.swift; path = RealmDB.swift; sourceTree = "<group>"; };
		69F1235AB82F503161B1F1F1 /* Pods_Inbox.framework */ = {isa = PBXFileReference; explicitFileType = wrapper.framework; includeInIndex = 0; path = Pods_Inbox.framework; sourceTree = BUILT_PRODUCTS_DIR; };
		73C4C4D2CDD75153AF40A575 /* Pods-Inbox.release.xcconfig */ = {isa = PBXFileReference; includeInIndex = 1; lastKnownFileType = text.xcconfig; name = "Pods-Inbox.release.xcconfig"; path = "Target Support Files/Pods-Inbox/Pods-Inbox.release.xcconfig"; sourceTree = "<group>"; };
		A659119DAD131D4F12CB9172 /* Pods-Inbox.debug.xcconfig */ = {isa = PBXFileReference; includeInIndex = 1; lastKnownFileType = text.xcconfig; name = "Pods-Inbox.debug.xcconfig"; path = "Target Support Files/Pods-Inbox/Pods-Inbox.debug.xcconfig"; sourceTree = "<group>"; };
/* End PBXFileReference section */

/* Begin PBXFrameworksBuildPhase section */
		118A18C6288DEF1200D69164 /* Frameworks */ = {
			isa = PBXFrameworksBuildPhase;
			buildActionMask = 2147483647;
			files = (
				D157E6092381D99127E772CA /* Pods_Inbox.framework in Frameworks */,
			);
			runOnlyForDeploymentPostprocessing = 0;
		};
/* End PBXFrameworksBuildPhase section */

/* Begin PBXGroup section */
		0D1CAB30910B6762C5ECD82C /* Pods */ = {
			isa = PBXGroup;
			children = (
				A659119DAD131D4F12CB9172 /* Pods-Inbox.debug.xcconfig */,
				73C4C4D2CDD75153AF40A575 /* Pods-Inbox.release.xcconfig */,
			);
			path = Pods;
			sourceTree = "<group>";
		};
		118A18C0288DEF1200D69164 = {
			isa = PBXGroup;
			children = (
				118A18CB288DEF1200D69164 /* Inbox */,
				118A18CA288DEF1200D69164 /* Products */,
				0D1CAB30910B6762C5ECD82C /* Pods */,
				1DCD75EF7FFB0310EE9AF9E5 /* Frameworks */,
			);
			sourceTree = "<group>";
		};
		118A18CA288DEF1200D69164 /* Products */ = {
			isa = PBXGroup;
			children = (
				118A18C9288DEF1200D69164 /* Inbox.app */,
			);
			name = Products;
			sourceTree = "<group>";
		};
		118A18CB288DEF1200D69164 /* Inbox */ = {
			isa = PBXGroup;
			children = (
				118A18E1288DF74C00D69164 /* Scene */,
				118A18FC288E15B800D69164 /* Global */,
				118A18E8288DF7CE00D69164 /* Components */,
				118A18E9288DF7D700D69164 /* Extensions */,
				118A18E6288DF7BE00D69164 /* Services */,
				118A18E7288DF7C500D69164 /* Utils */,
				118A1905288E2DF200D69164 /* Models */,
				118A18F3288DFFE800D69164 /* Resources */,
				118A18E0288DF1B400D69164 /* SupportingFiles */,
			);
			path = Inbox;
			sourceTree = "<group>";
		};
		118A18E0288DF1B400D69164 /* SupportingFiles */ = {
			isa = PBXGroup;
			children = (
				118A18CC288DEF1200D69164 /* AppDelegate.swift */,
				118A18CE288DEF1200D69164 /* SceneDelegate.swift */,
				118A18D5288DEF1600D69164 /* Assets.xcassets */,
				118A18DA288DEF1600D69164 /* Info.plist */,
			);
			path = SupportingFiles;
			sourceTree = "<group>";
		};
		118A18E1288DF74C00D69164 /* Scene */ = {
			isa = PBXGroup;
			children = (
				118A18F4288DFFFE00D69164 /* Splash */,
				118A18E2288DF75300D69164 /* Inbox */,
			);
			path = Scene;
			sourceTree = "<group>";
		};
		118A18E2288DF75300D69164 /* Inbox */ = {
			isa = PBXGroup;
			children = (
				118A18EA288DFAF300D69164 /* Pages */,
				118A18D2288DEF1200D69164 /* Inbox.storyboard */,
				118A18D0288DEF1200D69164 /* InboxVC.swift */,
				118A18E3288DF7B200D69164 /* InboxVM.swift */,
			);
			path = Inbox;
			sourceTree = "<group>";
		};
		118A18E6288DF7BE00D69164 /* Services */ = {
			isa = PBXGroup;
			children = (
				118A190A288E581B00D69164 /* ApiProvider.swift */,
			);
			path = Services;
			sourceTree = "<group>";
		};
		118A18E7288DF7C500D69164 /* Utils */ = {
			isa = PBXGroup;
			children = (
			);
			path = Utils;
			sourceTree = "<group>";
		};
		118A18E8288DF7CE00D69164 /* Components */ = {
			isa = PBXGroup;
			children = (
				118A18FA288E156A00D69164 /* StatefulButton.swift */,
			);
			path = Components;
			sourceTree = "<group>";
		};
		118A18E9288DF7D700D69164 /* Extensions */ = {
			isa = PBXGroup;
			children = (
				118A1901288E164800D69164 /* UIFont+Extensions.swift */,
				118A1903288E167800D69164 /* UIColor+Extensions.swift */,
			);
			path = Extensions;
			sourceTree = "<group>";
		};
		118A18EA288DFAF300D69164 /* Pages */ = {
			isa = PBXGroup;
			children = (
				118A18EE288DFB7F00D69164 /* Public */,
				118A18ED288DFB7800D69164 /* Saved */,
				118A18EB288DFB5500D69164 /* PagesController.swift */,
			);
			path = Pages;
			sourceTree = "<group>";
		};
		118A18ED288DFB7800D69164 /* Saved */ = {
			isa = PBXGroup;
			children = (
				118A18F1288DFC5200D69164 /* SavedMessagesVC.swift */,
			);
			path = Saved;
			sourceTree = "<group>";
		};
		118A18EE288DFB7F00D69164 /* Public */ = {
			isa = PBXGroup;
			children = (
				118A18EF288DFC3F00D69164 /* PublicMessagesVC.swift */,
				118A1908288E2F1E00D69164 /* PublicMessageCell.swift */,
			);
			path = Public;
			sourceTree = "<group>";
		};
		118A18F3288DFFE800D69164 /* Resources */ = {
			isa = PBXGroup;
			children = (
				118A18F7288E039000D69164 /* yekanbakhb.ttf */,
				118A18F5288E001100D69164 /* yekanbakh.ttf */,
			);
			path = Resources;
			sourceTree = "<group>";
		};
		118A18F4288DFFFE00D69164 /* Splash */ = {
			isa = PBXGroup;
			children = (
				118A18D7288DEF1600D69164 /* LaunchScreen.storyboard */,
			);
			path = Splash;
			sourceTree = "<group>";
		};
		118A18FC288E15B800D69164 /* Global */ = {
			isa = PBXGroup;
			children = (
				118A18FD288E15D900D69164 /* AppTheme.swift */,
				118A18FF288E160700D69164 /* Strings.swift */,
				118A190E288F5BA200D69164 /* RealmDB.swift */,
			);
			path = Global;
			sourceTree = "<group>";
		};
		118A1905288E2DF200D69164 /* Models */ = {
			isa = PBXGroup;
			children = (
				118A1906288E2E2000D69164 /* Message.swift */,
				118A190C288E597B00D69164 /* MessagesRes.swift */,
			);
			path = Models;
			sourceTree = "<group>";
		};
		1DCD75EF7FFB0310EE9AF9E5 /* Frameworks */ = {
			isa = PBXGroup;
			children = (
				69F1235AB82F503161B1F1F1 /* Pods_Inbox.framework */,
			);
			name = Frameworks;
			sourceTree = "<group>";
		};
/* End PBXGroup section */

/* Begin PBXNativeTarget section */
		118A18C8288DEF1200D69164 /* Inbox */ = {
			isa = PBXNativeTarget;
			buildConfigurationList = 118A18DD288DEF1600D69164 /* Build configuration list for PBXNativeTarget "Inbox" */;
			buildPhases = (
				183E75651579D7A2FC650F1F /* [CP] Check Pods Manifest.lock */,
				118A18C5288DEF1200D69164 /* Sources */,
				118A18C6288DEF1200D69164 /* Frameworks */,
				118A18C7288DEF1200D69164 /* Resources */,
				0C4284C5380CE99D4A5FACDC /* [CP] Embed Pods Frameworks */,
			);
			buildRules = (
			);
			dependencies = (
			);
			name = Inbox;
			productName = Inbox;
			productReference = 118A18C9288DEF1200D69164 /* Inbox.app */;
			productType = "com.apple.product-type.application";
		};
/* End PBXNativeTarget section */

/* Begin PBXProject section */
		118A18C1288DEF1200D69164 /* Project object */ = {
			isa = PBXProject;
			attributes = {
				BuildIndependentTargetsInParallel = 1;
				LastSwiftUpdateCheck = 1330;
				LastUpgradeCheck = 1330;
				TargetAttributes = {
					118A18C8288DEF1200D69164 = {
						CreatedOnToolsVersion = 13.3.1;
					};
				};
			};
			buildConfigurationList = 118A18C4288DEF1200D69164 /* Build configuration list for PBXProject "Inbox" */;
			compatibilityVersion = "Xcode 13.0";
			developmentRegion = en;
			hasScannedForEncodings = 0;
			knownRegions = (
				en,
				Base,
			);
			mainGroup = 118A18C0288DEF1200D69164;
			productRefGroup = 118A18CA288DEF1200D69164 /* Products */;
			projectDirPath = "";
			projectRoot = "";
			targets = (
				118A18C8288DEF1200D69164 /* Inbox */,
			);
		};
/* End PBXProject section */

/* Begin PBXResourcesBuildPhase section */
		118A18C7288DEF1200D69164 /* Resources */ = {
			isa = PBXResourcesBuildPhase;
			buildActionMask = 2147483647;
			files = (
				118A18D9288DEF1600D69164 /* LaunchScreen.storyboard in Resources */,
				118A18D6288DEF1600D69164 /* Assets.xcassets in Resources */,
				118A18F8288E039000D69164 /* yekanbakhb.ttf in Resources */,
				118A18D4288DEF1200D69164 /* Inbox.storyboard in Resources */,
				118A18F6288E001100D69164 /* yekanbakh.ttf in Resources */,
			);
			runOnlyForDeploymentPostprocessing = 0;
		};
/* End PBXResourcesBuildPhase section */

/* Begin PBXShellScriptBuildPhase section */
		0C4284C5380CE99D4A5FACDC /* [CP] Embed Pods Frameworks */ = {
			isa = PBXShellScriptBuildPhase;
			buildActionMask = 2147483647;
			files = (
			);
			inputFileListPaths = (
				"${PODS_ROOT}/Target Support Files/Pods-Inbox/Pods-Inbox-frameworks-${CONFIGURATION}-input-files.xcfilelist",
			);
			name = "[CP] Embed Pods Frameworks";
			outputFileListPaths = (
				"${PODS_ROOT}/Target Support Files/Pods-Inbox/Pods-Inbox-frameworks-${CONFIGURATION}-output-files.xcfilelist",
			);
			runOnlyForDeploymentPostprocessing = 0;
			shellPath = /bin/sh;
			shellScript = "\"${PODS_ROOT}/Target Support Files/Pods-Inbox/Pods-Inbox-frameworks.sh\"\n";
			showEnvVarsInLog = 0;
		};
		183E75651579D7A2FC650F1F /* [CP] Check Pods Manifest.lock */ = {
			isa = PBXShellScriptBuildPhase;
			buildActionMask = 2147483647;
			files = (
			);
			inputFileListPaths = (
			);
			inputPaths = (
				"${PODS_PODFILE_DIR_PATH}/Podfile.lock",
				"${PODS_ROOT}/Manifest.lock",
			);
			name = "[CP] Check Pods Manifest.lock";
			outputFileListPaths = (
			);
			outputPaths = (
				"$(DERIVED_FILE_DIR)/Pods-Inbox-checkManifestLockResult.txt",
			);
			runOnlyForDeploymentPostprocessing = 0;
			shellPath = /bin/sh;
			shellScript = "diff \"${PODS_PODFILE_DIR_PATH}/Podfile.lock\" \"${PODS_ROOT}/Manifest.lock\" > /dev/null\nif [ $? != 0 ] ; then\n    # print error to STDERR\n    echo \"error: The sandbox is not in sync with the Podfile.lock. Run 'pod install' or update your CocoaPods installation.\" >&2\n    exit 1\nfi\n# This output is used by Xcode 'outputs' to avoid re-running this script phase.\necho \"SUCCESS\" > \"${SCRIPT_OUTPUT_FILE_0}\"\n";
			showEnvVarsInLog = 0;
		};
/* End PBXShellScriptBuildPhase section */

/* Begin PBXSourcesBuildPhase section */
		118A18C5288DEF1200D69164 /* Sources */ = {
			isa = PBXSourcesBuildPhase;
			buildActionMask = 2147483647;
			files = (
				118A18F2288DFC5200D69164 /* SavedMessagesVC.swift in Sources */,
				118A1902288E164800D69164 /* UIFont+Extensions.swift in Sources */,
				118A190F288F5BA200D69164 /* RealmDB.swift in Sources */,
				118A18D1288DEF1200D69164 /* InboxVC.swift in Sources */,
				118A1900288E160700D69164 /* Strings.swift in Sources */,
				118A18CD288DEF1200D69164 /* AppDelegate.swift in Sources */,
				118A18FE288E15D900D69164 /* AppTheme.swift in Sources */,
				118A1909288E2F1E00D69164 /* PublicMessageCell.swift in Sources */,
				118A18FB288E156A00D69164 /* StatefulButton.swift in Sources */,
				118A1904288E167800D69164 /* UIColor+Extensions.swift in Sources */,
				118A18CF288DEF1200D69164 /* SceneDelegate.swift in Sources */,
				118A1907288E2E2100D69164 /* Message.swift in Sources */,
				118A18E4288DF7B200D69164 /* InboxVM.swift in Sources */,
				118A190B288E581D00D69164 /* ApiProvider.swift in Sources */,
				118A18EC288DFB5500D69164 /* PagesController.swift in Sources */,
				118A190D288E597B00D69164 /* MessagesRes.swift in Sources */,
				118A18F0288DFC3F00D69164 /* PublicMessagesVC.swift in Sources */,
			);
			runOnlyForDeploymentPostprocessing = 0;
		};
/* End PBXSourcesBuildPhase section */

/* Begin PBXVariantGroup section */
		118A18D2288DEF1200D69164 /* Inbox.storyboard */ = {
			isa = PBXVariantGroup;
			children = (
				118A18D3288DEF1200D69164 /* Base */,
			);
			name = Inbox.storyboard;
			sourceTree = "<group>";
		};
		118A18D7288DEF1600D69164 /* LaunchScreen.storyboard */ = {
			isa = PBXVariantGroup;
			children = (
				118A18D8288DEF1600D69164 /* Base */,
			);
			name = LaunchScreen.storyboard;
			sourceTree = "<group>";
		};
/* End PBXVariantGroup section */

/* Begin XCBuildConfiguration section */
		118A18DB288DEF1600D69164 /* Debug */ = {
			isa = XCBuildConfiguration;
			buildSettings = {
				ALWAYS_SEARCH_USER_PATHS = NO;
				CLANG_ANALYZER_NONNULL = YES;
				CLANG_ANALYZER_NUMBER_OBJECT_CONVERSION = YES_AGGRESSIVE;
				CLANG_CXX_LANGUAGE_STANDARD = "gnu++17";
				CLANG_ENABLE_MODULES = YES;
				CLANG_ENABLE_OBJC_ARC = YES;
				CLANG_ENABLE_OBJC_WEAK = YES;
				CLANG_WARN_BLOCK_CAPTURE_AUTORELEASING = YES;
				CLANG_WARN_BOOL_CONVERSION = YES;
				CLANG_WARN_COMMA = YES;
				CLANG_WARN_CONSTANT_CONVERSION = YES;
				CLANG_WARN_DEPRECATED_OBJC_IMPLEMENTATIONS = YES;
				CLANG_WARN_DIRECT_OBJC_ISA_USAGE = YES_ERROR;
				CLANG_WARN_DOCUMENTATION_COMMENTS = YES;
				CLANG_WARN_EMPTY_BODY = YES;
				CLANG_WARN_ENUM_CONVERSION = YES;
				CLANG_WARN_INFINITE_RECURSION = YES;
				CLANG_WARN_INT_CONVERSION = YES;
				CLANG_WARN_NON_LITERAL_NULL_CONVERSION = YES;
				CLANG_WARN_OBJC_IMPLICIT_RETAIN_SELF = YES;
				CLANG_WARN_OBJC_LITERAL_CONVERSION = YES;
				CLANG_WARN_OBJC_ROOT_CLASS = YES_ERROR;
				CLANG_WARN_QUOTED_INCLUDE_IN_FRAMEWORK_HEADER = YES;
				CLANG_WARN_RANGE_LOOP_ANALYSIS = YES;
				CLANG_WARN_STRICT_PROTOTYPES = YES;
				CLANG_WARN_SUSPICIOUS_MOVE = YES;
				CLANG_WARN_UNGUARDED_AVAILABILITY = YES_AGGRESSIVE;
				CLANG_WARN_UNREACHABLE_CODE = YES;
				CLANG_WARN__DUPLICATE_METHOD_MATCH = YES;
				COPY_PHASE_STRIP = NO;
				DEBUG_INFORMATION_FORMAT = dwarf;
				ENABLE_STRICT_OBJC_MSGSEND = YES;
				ENABLE_TESTABILITY = YES;
				GCC_C_LANGUAGE_STANDARD = gnu11;
				GCC_DYNAMIC_NO_PIC = NO;
				GCC_NO_COMMON_BLOCKS = YES;
				GCC_OPTIMIZATION_LEVEL = 0;
				GCC_PREPROCESSOR_DEFINITIONS = (
					"DEBUG=1",
					"$(inherited)",
				);
				GCC_WARN_64_TO_32_BIT_CONVERSION = YES;
				GCC_WARN_ABOUT_RETURN_TYPE = YES_ERROR;
				GCC_WARN_UNDECLARED_SELECTOR = YES;
				GCC_WARN_UNINITIALIZED_AUTOS = YES_AGGRESSIVE;
				GCC_WARN_UNUSED_FUNCTION = YES;
				GCC_WARN_UNUSED_VARIABLE = YES;
				IPHONEOS_DEPLOYMENT_TARGET = 15.4;
				MTL_ENABLE_DEBUG_INFO = INCLUDE_SOURCE;
				MTL_FAST_MATH = YES;
				ONLY_ACTIVE_ARCH = YES;
				SDKROOT = iphoneos;
				SWIFT_ACTIVE_COMPILATION_CONDITIONS = DEBUG;
				SWIFT_OPTIMIZATION_LEVEL = "-Onone";
			};
			name = Debug;
		};
		118A18DC288DEF1600D69164 /* Release */ = {
			isa = XCBuildConfiguration;
			buildSettings = {
				ALWAYS_SEARCH_USER_PATHS = NO;
				CLANG_ANALYZER_NONNULL = YES;
				CLANG_ANALYZER_NUMBER_OBJECT_CONVERSION = YES_AGGRESSIVE;
				CLANG_CXX_LANGUAGE_STANDARD = "gnu++17";
				CLANG_ENABLE_MODULES = YES;
				CLANG_ENABLE_OBJC_ARC = YES;
				CLANG_ENABLE_OBJC_WEAK = YES;
				CLANG_WARN_BLOCK_CAPTURE_AUTORELEASING = YES;
				CLANG_WARN_BOOL_CONVERSION = YES;
				CLANG_WARN_COMMA = YES;
				CLANG_WARN_CONSTANT_CONVERSION = YES;
				CLANG_WARN_DEPRECATED_OBJC_IMPLEMENTATIONS = YES;
				CLANG_WARN_DIRECT_OBJC_ISA_USAGE = YES_ERROR;
				CLANG_WARN_DOCUMENTATION_COMMENTS = YES;
				CLANG_WARN_EMPTY_BODY = YES;
				CLANG_WARN_ENUM_CONVERSION = YES;
				CLANG_WARN_INFINITE_RECURSION = YES;
				CLANG_WARN_INT_CONVERSION = YES;
				CLANG_WARN_NON_LITERAL_NULL_CONVERSION = YES;
				CLANG_WARN_OBJC_IMPLICIT_RETAIN_SELF = YES;
				CLANG_WARN_OBJC_LITERAL_CONVERSION = YES;
				CLANG_WARN_OBJC_ROOT_CLASS = YES_ERROR;
				CLANG_WARN_QUOTED_INCLUDE_IN_FRAMEWORK_HEADER = YES;
				CLANG_WARN_RANGE_LOOP_ANALYSIS = YES;
				CLANG_WARN_STRICT_PROTOTYPES = YES;
				CLANG_WARN_SUSPICIOUS_MOVE = YES;
				CLANG_WARN_UNGUARDED_AVAILABILITY = YES_AGGRESSIVE;
				CLANG_WARN_UNREACHABLE_CODE = YES;
				CLANG_WARN__DUPLICATE_METHOD_MATCH = YES;
				COPY_PHASE_STRIP = NO;
				DEBUG_INFORMATION_FORMAT = "dwarf-with-dsym";
				ENABLE_NS_ASSERTIONS = NO;
				ENABLE_STRICT_OBJC_MSGSEND = YES;
				GCC_C_LANGUAGE_STANDARD = gnu11;
				GCC_NO_COMMON_BLOCKS = YES;
				GCC_WARN_64_TO_32_BIT_CONVERSION = YES;
				GCC_WARN_ABOUT_RETURN_TYPE = YES_ERROR;
				GCC_WARN_UNDECLARED_SELECTOR = YES;
				GCC_WARN_UNINITIALIZED_AUTOS = YES_AGGRESSIVE;
				GCC_WARN_UNUSED_FUNCTION = YES;
				GCC_WARN_UNUSED_VARIABLE = YES;
				IPHONEOS_DEPLOYMENT_TARGET = 15.4;
				MTL_ENABLE_DEBUG_INFO = NO;
				MTL_FAST_MATH = YES;
				SDKROOT = iphoneos;
				SWIFT_COMPILATION_MODE = wholemodule;
				SWIFT_OPTIMIZATION_LEVEL = "-O";
				VALIDATE_PRODUCT = YES;
			};
			name = Release;
		};
		118A18DE288DEF1600D69164 /* Debug */ = {
			isa = XCBuildConfiguration;
			baseConfigurationReference = A659119DAD131D4F12CB9172 /* Pods-Inbox.debug.xcconfig */;
			buildSettings = {
				ASSETCATALOG_COMPILER_APPICON_NAME = AppIcon;
				ASSETCATALOG_COMPILER_GLOBAL_ACCENT_COLOR_NAME = AccentColor;
				CODE_SIGN_STYLE = Automatic;
				CURRENT_PROJECT_VERSION = 1;
				DEVELOPMENT_TEAM = RZ8Y5K272X;
				GENERATE_INFOPLIST_FILE = YES;
				INFOPLIST_FILE = Inbox/SupportingFiles/Info.plist;
				INFOPLIST_KEY_UIApplicationSupportsIndirectInputEvents = YES;
				INFOPLIST_KEY_UILaunchStoryboardName = LaunchScreen;
				INFOPLIST_KEY_UIMainStoryboardFile = Inbox;
				INFOPLIST_KEY_UISupportedInterfaceOrientations_iPad = "UIInterfaceOrientationPortrait UIInterfaceOrientationPortraitUpsideDown UIInterfaceOrientationLandscapeLeft UIInterfaceOrientationLandscapeRight";
				INFOPLIST_KEY_UISupportedInterfaceOrientations_iPhone = "UIInterfaceOrientationPortrait UIInterfaceOrientationLandscapeLeft UIInterfaceOrientationLandscapeRight";
				LD_RUNPATH_SEARCH_PATHS = (
					"$(inherited)",
					"@executable_path/Frameworks",
				);
				MARKETING_VERSION = 1.0;
				PRODUCT_BUNDLE_IDENTIFIER = com.mahdi.Inbox;
				PRODUCT_NAME = "$(TARGET_NAME)";
				SWIFT_EMIT_LOC_STRINGS = YES;
				SWIFT_VERSION = 5.0;
				TARGETED_DEVICE_FAMILY = "1,2";
			};
			name = Debug;
		};
		118A18DF288DEF1600D69164 /* Release */ = {
			isa = XCBuildConfiguration;
			baseConfigurationReference = 73C4C4D2CDD75153AF40A575 /* Pods-Inbox.release.xcconfig */;
			buildSettings = {
				ASSETCATALOG_COMPILER_APPICON_NAME = AppIcon;
				ASSETCATALOG_COMPILER_GLOBAL_ACCENT_COLOR_NAME = AccentColor;
				CODE_SIGN_STYLE = Automatic;
				CURRENT_PROJECT_VERSION = 1;
				DEVELOPMENT_TEAM = RZ8Y5K272X;
				GENERATE_INFOPLIST_FILE = YES;
				INFOPLIST_FILE = Inbox/SupportingFiles/Info.plist;
				INFOPLIST_KEY_UIApplicationSupportsIndirectInputEvents = YES;
				INFOPLIST_KEY_UILaunchStoryboardName = LaunchScreen;
				INFOPLIST_KEY_UIMainStoryboardFile = Inbox;
				INFOPLIST_KEY_UISupportedInterfaceOrientations_iPad = "UIInterfaceOrientationPortrait UIInterfaceOrientationPortraitUpsideDown UIInterfaceOrientationLandscapeLeft UIInterfaceOrientationLandscapeRight";
				INFOPLIST_KEY_UISupportedInterfaceOrientations_iPhone = "UIInterfaceOrientationPortrait UIInterfaceOrientationLandscapeLeft UIInterfaceOrientationLandscapeRight";
				LD_RUNPATH_SEARCH_PATHS = (
					"$(inherited)",
					"@executable_path/Frameworks",
				);
				MARKETING_VERSION = 1.0;
				PRODUCT_BUNDLE_IDENTIFIER = com.mahdi.Inbox;
				PRODUCT_NAME = "$(TARGET_NAME)";
				SWIFT_EMIT_LOC_STRINGS = YES;
				SWIFT_VERSION = 5.0;
				TARGETED_DEVICE_FAMILY = "1,2";
			};
			name = Release;
		};
/* End XCBuildConfiguration section */

/* Begin XCConfigurationList section */
		118A18C4288DEF1200D69164 /* Build configuration list for PBXProject "Inbox" */ = {
			isa = XCConfigurationList;
			buildConfigurations = (
				118A18DB288DEF1600D69164 /* Debug */,
				118A18DC288DEF1600D69164 /* Release */,
			);
			defaultConfigurationIsVisible = 0;
			defaultConfigurationName = Release;
		};
		118A18DD288DEF1600D69164 /* Build configuration list for PBXNativeTarget "Inbox" */ = {
			isa = XCConfigurationList;
			buildConfigurations = (
				118A18DE288DEF1600D69164 /* Debug */,
				118A18DF288DEF1600D69164 /* Release */,
			);
			defaultConfigurationIsVisible = 0;
			defaultConfigurationName = Release;
		};
/* End XCConfigurationList section */
	};
	rootObject = 118A18C1288DEF1200D69164 /* Project object */;
}
